
Microsoft Visual Studio Solution File, Format Version 12.00
# Visual Studio 15
VisualStudioVersion = 15.0.27703.2035
MinimumVisualStudioVersion = 10.0.40219.1
Project("{FAE04EC0-301F-11D3-BF4B-00C04F79EFBC}") = "Debugging", "Debugging\Debugging.csproj", "{C3A34234-1772-4A01-81BE-A55F1E7B57D6}"
EndProject
Global
	GlobalSection(SolutionConfigurationPlatforms) = preSolution
		Debug|Any CPU = Debug|Any CPU
		Release|Any CPU = Release|Any CPU
	EndGlobalSection
	GlobalSection(ProjectConfigurationPlatforms) = postSolution
		{C3A34234-1772-4A01-81BE-A55F1E7B57D6}.Debug|Any CPU.ActiveCfg = Debug|Any CPU
		{C3A34234-1772-4A01-81BE-A55F1E7B57D6}.Debug|Any CPU.Build.0 = Debug|Any CPU
		{C3A34234-1772-4A01-81BE-A55F1E7B57D6}.Release|Any CPU.ActiveCfg = Release|Any CPU
		{C3A34234-1772-4A01-81BE-A55F1E7B57D6}.Release|Any CPU.Build.0 = Release|Any CPU
	EndGlobalSection
	GlobalSection(SolutionProperties) = preSolution
		HideSolutionNode = FALSE
	EndGlobalSection
	GlobalSection(ExtensibilityGlobals) = postSolution
		SolutionGuid = {BEF72A6B-393C-4D5F-B901-BA702B483C09}
	EndGlobalSection
EndGlobal
