
Microsoft Visual Studio Solution File, Format Version 12.00
# Visual Studio 15
VisualStudioVersion = 15.0.27703.2035
MinimumVisualStudioVersion = 10.0.40219.1
Project("{FAE04EC0-301F-11D3-BF4B-00C04F79EFBC}") = "HomeSales", "HomeSales\HomeSales.csproj", "{7E702F1C-B377-4C88-88D7-F504E0756D62}"
EndProject
Global
	GlobalSection(SolutionConfigurationPlatforms) = preSolution
		Debug|Any CPU = Debug|Any CPU
		Release|Any CPU = Release|Any CPU
	EndGlobalSection
	GlobalSection(ProjectConfigurationPlatforms) = postSolution
		{7E702F1C-B377-4C88-88D7-F504E0756D62}.Debug|Any CPU.ActiveCfg = Debug|Any CPU
		{7E702F1C-B377-4C88-88D7-F504E0756D62}.Debug|Any CPU.Build.0 = Debug|Any CPU
		{7E702F1C-B377-4C88-88D7-F504E0756D62}.Release|Any CPU.ActiveCfg = Release|Any CPU
		{7E702F1C-B377-4C88-88D7-F504E0756D62}.Release|Any CPU.Build.0 = Release|Any CPU
	EndGlobalSection
	GlobalSection(SolutionProperties) = preSolution
		HideSolutionNode = FALSE
	EndGlobalSection
	GlobalSection(ExtensibilityGlobals) = postSolution
		SolutionGuid = {E9CCCC2C-2E1A-4400-BE57-B28475BE61C8}
	EndGlobalSection
EndGlobal
