
Microsoft Visual Studio Solution File, Format Version 12.00
# Visual Studio 15
VisualStudioVersion = 15.0.27703.2035
MinimumVisualStudioVersion = 10.0.40219.1
Project("{FAE04EC0-301F-11D3-BF4B-00C04F79EFBC}") = "TestingWhileLoops", "TestingWhileLoops\TestingWhileLoops.csproj", "{3EF81126-E1C8-4741-9E4D-0666A966C3B1}"
EndProject
Global
	GlobalSection(SolutionConfigurationPlatforms) = preSolution
		Debug|Any CPU = Debug|Any CPU
		Release|Any CPU = Release|Any CPU
	EndGlobalSection
	GlobalSection(ProjectConfigurationPlatforms) = postSolution
		{3EF81126-E1C8-4741-9E4D-0666A966C3B1}.Debug|Any CPU.ActiveCfg = Debug|Any CPU
		{3EF81126-E1C8-4741-9E4D-0666A966C3B1}.Debug|Any CPU.Build.0 = Debug|Any CPU
		{3EF81126-E1C8-4741-9E4D-0666A966C3B1}.Release|Any CPU.ActiveCfg = Release|Any CPU
		{3EF81126-E1C8-4741-9E4D-0666A966C3B1}.Release|Any CPU.Build.0 = Release|Any CPU
	EndGlobalSection
	GlobalSection(SolutionProperties) = preSolution
		HideSolutionNode = FALSE
	EndGlobalSection
	GlobalSection(ExtensibilityGlobals) = postSolution
		SolutionGuid = {E1013AA3-9C58-42AB-B63B-CDEB6C0F35C9}
	EndGlobalSection
EndGlobal
